
Microsoft Visual Studio Solution File, Format Version 12.00
# Visual Studio Version 17
VisualStudioVersion = 17.13.35931.197
MinimumVisualStudioVersion = 10.0.40219.1
Project("{FAE04EC0-301F-11D3-BF4B-00C04F79EFBC}") = "NewsPortal", "NewsPortal\NewsPortal.csproj", "{44CE7C78-977E-4C8C-A743-D42E31080632}"
EndProject
Project("{2150E333-8FDC-42A3-9474-1A3956D46DE8}") = "Элементы решения", "Элементы решения", "{754FC069-D67B-A9D7-50A1-8D1CA196D8F1}"
	ProjectSection(SolutionItems) = preProject
		docker-compose.yml = docker-compose.yml
	EndProjectSection
EndProject
Global
	GlobalSection(SolutionConfigurationPlatforms) = preSolution
		Debug|Any CPU = Debug|Any CPU
		Release|Any CPU = Release|Any CPU
	EndGlobalSection
	GlobalSection(ProjectConfigurationPlatforms) = postSolution
		{44CE7C78-977E-4C8C-A743-D42E31080632}.Debug|Any CPU.ActiveCfg = Debug|Any CPU
		{44CE7C78-977E-4C8C-A743-D42E31080632}.Debug|Any CPU.Build.0 = Debug|Any CPU
		{44CE7C78-977E-4C8C-A743-D42E31080632}.Release|Any CPU.ActiveCfg = Release|Any CPU
		{44CE7C78-977E-4C8C-A743-D42E31080632}.Release|Any CPU.Build.0 = Release|Any CPU
	EndGlobalSection
	GlobalSection(SolutionProperties) = preSolution
		HideSolutionNode = FALSE
	EndGlobalSection
	GlobalSection(ExtensibilityGlobals) = postSolution
		SolutionGuid = {85CB3BAD-E8CE-4DC1-B5CF-0A88573F2979}
	EndGlobalSection
EndGlobal
